
Microsoft Visual Studio Solution File, Format Version 12.00
# Visual Studio 2013
VisualStudioVersion = 12.0.21005.1
MinimumVisualStudioVersion = 10.0.40219.1
Project("{FAE04EC0-301F-11D3-BF4B-00C04F79EFBC}") = "ConsoleApplication", "ConsoleApplication\ConsoleApplication.csproj", "{51BC1A93-D194-401D-8DD9-30E21694A09C}"
EndProject
Project("{FAE04EC0-301F-11D3-BF4B-00C04F79EFBC}") = "WindowsFormsApplication", "WindowsFormsApplication\WindowsFormsApplication.csproj", "{D7CEE447-4F1C-485E-8A06-88ABB342A13A}"
EndProject
Project("{FAE04EC0-301F-11D3-BF4B-00C04F79EFBC}") = "WpfApplication", "WpfApplication\WpfApplication.csproj", "{E74E10EE-6E5E-4762-B593-8A96C60BE72C}"
EndProject
Global
	GlobalSection(SolutionConfigurationPlatforms) = preSolution
		Debug|Any CPU = Debug|Any CPU
		Release|Any CPU = Release|Any CPU
	EndGlobalSection
	GlobalSection(ProjectConfigurationPlatforms) = postSolution
		{51BC1A93-D194-401D-8DD9-30E21694A09C}.Debug|Any CPU.ActiveCfg = Debug|Any CPU
		{51BC1A93-D194-401D-8DD9-30E21694A09C}.Debug|Any CPU.Build.0 = Debug|Any CPU
		{51BC1A93-D194-401D-8DD9-30E21694A09C}.Release|Any CPU.ActiveCfg = Release|Any CPU
		{51BC1A93-D194-401D-8DD9-30E21694A09C}.Release|Any CPU.Build.0 = Release|Any CPU
		{D7CEE447-4F1C-485E-8A06-88ABB342A13A}.Debug|Any CPU.ActiveCfg = Debug|Any CPU
		{D7CEE447-4F1C-485E-8A06-88ABB342A13A}.Debug|Any CPU.Build.0 = Debug|Any CPU
		{D7CEE447-4F1C-485E-8A06-88ABB342A13A}.Release|Any CPU.ActiveCfg = Release|Any CPU
		{D7CEE447-4F1C-485E-8A06-88ABB342A13A}.Release|Any CPU.Build.0 = Release|Any CPU
		{E74E10EE-6E5E-4762-B593-8A96C60BE72C}.Debug|Any CPU.ActiveCfg = Debug|Any CPU
		{E74E10EE-6E5E-4762-B593-8A96C60BE72C}.Debug|Any CPU.Build.0 = Debug|Any CPU
		{E74E10EE-6E5E-4762-B593-8A96C60BE72C}.Release|Any CPU.ActiveCfg = Release|Any CPU
		{E74E10EE-6E5E-4762-B593-8A96C60BE72C}.Release|Any CPU.Build.0 = Release|Any CPU
	EndGlobalSection
	GlobalSection(SolutionProperties) = preSolution
		HideSolutionNode = FALSE
	EndGlobalSection
EndGlobal
